
Microsoft Visual Studio Solution File, Format Version 12.00
# Visual Studio 15
VisualStudioVersion = 15.0.27703.2047
MinimumVisualStudioVersion = 10.0.40219.1
Project("{FAE04EC0-301F-11D3-BF4B-00C04F79EFBC}") = "NetSemestrClient", "NetSemestrClient\NetSemestrClient.csproj", "{DCAF7E8D-53CE-4D6A-A51B-593E0FA90F0C}"
EndProject
Global
	GlobalSection(SolutionConfigurationPlatforms) = preSolution
		Debug|Any CPU = Debug|Any CPU
		Release|Any CPU = Release|Any CPU
	EndGlobalSection
	GlobalSection(ProjectConfigurationPlatforms) = postSolution
		{DCAF7E8D-53CE-4D6A-A51B-593E0FA90F0C}.Debug|Any CPU.ActiveCfg = Debug|Any CPU
		{DCAF7E8D-53CE-4D6A-A51B-593E0FA90F0C}.Debug|Any CPU.Build.0 = Debug|Any CPU
		{DCAF7E8D-53CE-4D6A-A51B-593E0FA90F0C}.Release|Any CPU.ActiveCfg = Release|Any CPU
		{DCAF7E8D-53CE-4D6A-A51B-593E0FA90F0C}.Release|Any CPU.Build.0 = Release|Any CPU
	EndGlobalSection
	GlobalSection(SolutionProperties) = preSolution
		HideSolutionNode = FALSE
	EndGlobalSection
	GlobalSection(ExtensibilityGlobals) = postSolution
		SolutionGuid = {E1226139-990C-4AD9-ABAF-90999A5F4F9F}
	EndGlobalSection
EndGlobal
